<?xml version="1.0" encoding="utf-8"?>
<Project ToolsVersion="4.0" xmlns="http://schemas.microsoft.com/developer/msbuild/2003">
  <ItemGroup>
    <Filter Include="imgui">
      <UniqueIdentifier>{6b204439-6dcf-44bf-8b6d-aab3b98c34ea}</UniqueIdentifier>
    </Filter>
    <Filter Include="todo.md">
      <UniqueIdentifier>{96708e69-6815-432a-96bb-ea15394a1511}</UniqueIdentifier>
    </Filter>
    <Filter Include="src">
      <UniqueIdentifier>{8cff321d-b217-425f-844c-fd00b3b256cc}</UniqueIdentifier>
    </Filter>
  </ItemGroup>
  <ItemGroup>
    <ClInclude Include="..\src\imgui\imconfig.h">
      <Filter>imgui</Filter>
    </ClInclude>
    <ClInclude Include="..\src\imgui\imconfig-SFML.h">
      <Filter>imgui</Filter>
    </ClInclude>
    <ClInclude Include="..\src\imgui\imgui.h">
      <Filter>imgui</Filter>
    </ClInclude>
    <ClInclude Include="..\src\imgui\imgui_internal.h">
      <Filter>imgui</Filter>
    </ClInclude>
    <ClInclude Include="..\src\imgui\imgui-SFML.h">
      <Filter>imgui</Filter>
    </ClInclude>
    <ClInclude Include="..\src\imgui\imgui-SFML_export.h">
      <Filter>imgui</Filter>
    </ClInclude>
    <ClInclude Include="..\src\imgui\imstb_rectpack.h">
      <Filter>imgui</Filter>
    </ClInclude>
    <ClInclude Include="..\src\imgui\imstb_textedit.h">
      <Filter>imgui</Filter>
    </ClInclude>
    <ClInclude Include="..\src\imgui\imstb_truetype.h">
      <Filter>imgui</Filter>
    </ClInclude>
    <ClInclude Include="..\src\Components.h">
      <Filter>src</Filter>
    </ClInclude>
    <ClInclude Include="..\src\Entity.h">
      <Filter>src</Filter>
    </ClInclude>
    <ClInclude Include="..\src\EntityManager.h">
      <Filter>src</Filter>
    </ClInclude>
    <ClInclude Include="..\src\Game.h">
      <Filter>src</Filter>
    </ClInclude>
    <ClInclude Include="..\src\Vec2.h">
      <Filter>src</Filter>
    </ClInclude>
  </ItemGroup>
  <ItemGroup>
    <ClCompile Include="..\src\imgui\imgui.cpp">
      <Filter>imgui</Filter>
    </ClCompile>
    <ClCompile Include="..\src\imgui\imgui_draw.cpp">
      <Filter>imgui</Filter>
    </ClCompile>
    <ClCompile Include="..\src\imgui\imgui_tables.cpp">
      <Filter>imgui</Filter>
    </ClCompile>
    <ClCompile Include="..\src\imgui\imgui_widgets.cpp">
      <Filter>imgui</Filter>
    </ClCompile>
    <ClCompile Include="..\src\imgui\imgui-SFML.cpp">
      <Filter>imgui</Filter>
    </ClCompile>
    <ClCompile Include="..\src\Entity.cpp">
      <Filter>src</Filter>
    </ClCompile>
    <ClCompile Include="..\src\EntityManager.cpp">
      <Filter>src</Filter>
    </ClCompile>
    <ClCompile Include="..\src\Game.cpp">
      <Filter>src</Filter>
    </ClCompile>
    <ClCompile Include="..\src\Vec2.cpp">
      <Filter>src</Filter>
    </ClCompile>
    <ClCompile Include="..\src\main.cpp">
      <Filter>src</Filter>
    </ClCompile>
  </ItemGroup>
  <ItemGroup>
    <None Include="..\todo.md">
      <Filter>todo.md</Filter>
    </None>
  </ItemGroup>
</Project>